// !$*UTF8*$!
{
	archiveVersion = 1;
	classes = {
	};
	objectVersion = 48;
	objects = {

/* Begin PBXBuildFile section */
		246A13D91FD8CBD10037AAB5 /* AppDelegate.swift in Sources */ = {isa = PBXBuildFile; fileRef = 246A13D81FD8CBD10037AAB5 /* AppDelegate.swift */; };
		246A13DB1FD8CBD10037AAB5 /* ViewController.swift in Sources */ = {isa = PBXBuildFile; fileRef = 246A13DA1FD8CBD10037AAB5 /* ViewController.swift */; };
		246A13DE1FD8CBD10037AAB5 /* Main.storyboard in Resources */ = {isa = PBXBuildFile; fileRef = 246A13DC1FD8CBD10037AAB5 /* Main.storyboard */; };
		246A13E01FD8CBD10037AAB5 /* Assets.xcassets in Resources */ = {isa = PBXBuildFile; fileRef = 246A13DF1FD8CBD10037AAB5 /* Assets.xcassets */; };
		246A13E31FD8CBD10037AAB5 /* LaunchScreen.storyboard in Resources */ = {isa = PBXBuildFile; fileRef = 246A13E11FD8CBD10037AAB5 /* LaunchScreen.storyboard */; };
		2499B8DB1FDA1F1F00D8E023 /* ViewControllerStart.swift in Sources */ = {isa = PBXBuildFile; fileRef = 2499B8DA1FDA1F1F00D8E023 /* ViewControllerStart.swift */; };
		2499B8DD1FDA2C2E00D8E023 /* UserDefaultsManager.swift in Sources */ = {isa = PBXBuildFile; fileRef = 2499B8DC1FDA2C2E00D8E023 /* UserDefaultsManager.swift */; };
		24A4A99D1FD92648000765FE /* score.png in Resources */ = {isa = PBXBuildFile; fileRef = 24A4A99C1FD92648000765FE /* score.png */; };
		24A4A9DC1FD9ACC5000765FE /* launch.png in Resources */ = {isa = PBXBuildFile; fileRef = 24A4A9DB1FD9ACC4000765FE /* launch.png */; };
		24A4A9DF1FD9D79C000765FE /* hero1.png in Resources */ = {isa = PBXBuildFile; fileRef = 24A4A9DD1FD9D79C000765FE /* hero1.png */; };
		24A4A9E01FD9D79C000765FE /* hero2.png in Resources */ = {isa = PBXBuildFile; fileRef = 24A4A9DE1FD9D79C000765FE /* hero2.png */; };
		24A4A9E21FDA100A000765FE /* backgroundStart.png in Resources */ = {isa = PBXBuildFile; fileRef = 24A4A9E11FDA1009000765FE /* backgroundStart.png */; };
		24ABC3F11FDB81E50076D522 /* configuration.png in Resources */ = {isa = PBXBuildFile; fileRef = 24ABC3F01FDB81E50076D522 /* configuration.png */; };
		24ABC3F61FDB88480076D522 /* button_config.png in Resources */ = {isa = PBXBuildFile; fileRef = 24ABC3F21FDB88480076D522 /* button_config.png */; };
		24ABC3F71FDB88480076D522 /* button_return.png in Resources */ = {isa = PBXBuildFile; fileRef = 24ABC3F31FDB88480076D522 /* button_return.png */; };
		24ABC3F81FDB88480076D522 /* button_continue.png in Resources */ = {isa = PBXBuildFile; fileRef = 24ABC3F41FDB88480076D522 /* button_continue.png */; };
		24ABC3F91FDB88480076D522 /* button_reset.png in Resources */ = {isa = PBXBuildFile; fileRef = 24ABC3F51FDB88480076D522 /* button_reset.png */; };
		24ABC4181FDBD6F80076D522 /* Icon-144.png in Resources */ = {isa = PBXBuildFile; fileRef = 24ABC3FA1FDBD6F50076D522 /* Icon-144.png */; };
		24ABC4191FDBD6F80076D522 /* Icon-167.png in Resources */ = {isa = PBXBuildFile; fileRef = 24ABC3FB1FDBD6F50076D522 /* Icon-167.png */; };
		24ABC41A1FDBD6F80076D522 /* Icon-180.png in Resources */ = {isa = PBXBuildFile; fileRef = 24ABC3FC1FDBD6F50076D522 /* Icon-180.png */; };
		24ABC41B1FDBD6F80076D522 /* Icon-55.png in Resources */ = {isa = PBXBuildFile; fileRef = 24ABC3FD1FDBD6F50076D522 /* Icon-55.png */; };
		24ABC41C1FDBD6F80076D522 /* Icon-114.png in Resources */ = {isa = PBXBuildFile; fileRef = 24ABC3FE1FDBD6F50076D522 /* Icon-114.png */; };
		24ABC41D1FDBD6F80076D522 /* Icon-16.png in Resources */ = {isa = PBXBuildFile; fileRef = 24ABC3FF1FDBD6F50076D522 /* Icon-16.png */; };
		24ABC41E1FDBD6F80076D522 /* Icon-40.png in Resources */ = {isa = PBXBuildFile; fileRef = 24ABC4001FDBD6F60076D522 /* Icon-40.png */; };
		24ABC41F1FDBD6F80076D522 /* Icon-1024.png in Resources */ = {isa = PBXBuildFile; fileRef = 24ABC4011FDBD6F60076D522 /* Icon-1024.png */; };
		24ABC4201FDBD6F80076D522 /* Icon-100.png in Resources */ = {isa = PBXBuildFile; fileRef = 24ABC4021FDBD6F60076D522 /* Icon-100.png */; };
		24ABC4211FDBD6F80076D522 /* Icon-72.png in Resources */ = {isa = PBXBuildFile; fileRef = 24ABC4031FDBD6F60076D522 /* Icon-72.png */; };
		24ABC4221FDBD6F80076D522 /* Icon-32.png in Resources */ = {isa = PBXBuildFile; fileRef = 24ABC4041FDBD6F60076D522 /* Icon-32.png */; };
		24ABC4231FDBD6F80076D522 /* Icon-152.png in Resources */ = {isa = PBXBuildFile; fileRef = 24ABC4051FDBD6F60076D522 /* Icon-152.png */; };
		24ABC4241FDBD6F80076D522 /* Icon-120.png in Resources */ = {isa = PBXBuildFile; fileRef = 24ABC4061FDBD6F60076D522 /* Icon-120.png */; };
		24ABC4251FDBD6F80076D522 /* Icon-256.png in Resources */ = {isa = PBXBuildFile; fileRef = 24ABC4071FDBD6F60076D522 /* Icon-256.png */; };
		24ABC4261FDBD6F80076D522 /* Icon-88.png in Resources */ = {isa = PBXBuildFile; fileRef = 24ABC4081FDBD6F60076D522 /* Icon-88.png */; };
		24ABC4271FDBD6F80076D522 /* Icon-196.png in Resources */ = {isa = PBXBuildFile; fileRef = 24ABC4091FDBD6F60076D522 /* Icon-196.png */; };
		24ABC4281FDBD6F80076D522 /* Icon-20.png in Resources */ = {isa = PBXBuildFile; fileRef = 24ABC40A1FDBD6F60076D522 /* Icon-20.png */; };
		24ABC4291FDBD6F80076D522 /* Icon-29.png in Resources */ = {isa = PBXBuildFile; fileRef = 24ABC40B1FDBD6F60076D522 /* Icon-29.png */; };
		24ABC42A1FDBD6F80076D522 /* Icon-50.png in Resources */ = {isa = PBXBuildFile; fileRef = 24ABC40C1FDBD6F60076D522 /* Icon-50.png */; };
		24ABC42B1FDBD6F80076D522 /* Icon-128.png in Resources */ = {isa = PBXBuildFile; fileRef = 24ABC40D1FDBD6F60076D522 /* Icon-128.png */; };
		24ABC42C1FDBD6F80076D522 /* Icon-172.png in Resources */ = {isa = PBXBuildFile; fileRef = 24ABC40E1FDBD6F70076D522 /* Icon-172.png */; };
		24ABC42D1FDBD6F80076D522 /* Icon-76.png in Resources */ = {isa = PBXBuildFile; fileRef = 24ABC40F1FDBD6F70076D522 /* Icon-76.png */; };
		24ABC42E1FDBD6F80076D522 /* Icon-58.png in Resources */ = {isa = PBXBuildFile; fileRef = 24ABC4101FDBD6F70076D522 /* Icon-58.png */; };
		24ABC42F1FDBD6F80076D522 /* Icon-80.png in Resources */ = {isa = PBXBuildFile; fileRef = 24ABC4111FDBD6F70076D522 /* Icon-80.png */; };
		24ABC4301FDBD6F80076D522 /* Icon-87.png in Resources */ = {isa = PBXBuildFile; fileRef = 24ABC4121FDBD6F70076D522 /* Icon-87.png */; };
		24ABC4311FDBD6F80076D522 /* Icon-512.png in Resources */ = {isa = PBXBuildFile; fileRef = 24ABC4131FDBD6F70076D522 /* Icon-512.png */; };
		24ABC4321FDBD6F80076D522 /* Icon-64.png in Resources */ = {isa = PBXBuildFile; fileRef = 24ABC4141FDBD6F70076D522 /* Icon-64.png */; };
		24ABC4331FDBD6F80076D522 /* Icon-57.png in Resources */ = {isa = PBXBuildFile; fileRef = 24ABC4151FDBD6F70076D522 /* Icon-57.png */; };
		24ABC4341FDBD6F80076D522 /* Icon-60.png in Resources */ = {isa = PBXBuildFile; fileRef = 24ABC4161FDBD6F70076D522 /* Icon-60.png */; };
		24ABC4351FDBD6F80076D522 /* Icon-48.png in Resources */ = {isa = PBXBuildFile; fileRef = 24ABC4171FDBD6F70076D522 /* Icon-48.png */; };
		24B919151FD8DDFD0079EDAF /* rocks.png in Resources */ = {isa = PBXBuildFile; fileRef = 24B919131FD8DDFD0079EDAF /* rocks.png */; };
		24EC5C751FD9007400CCF01A /* arrow.png in Resources */ = {isa = PBXBuildFile; fileRef = 24EC5C741FD9007400CCF01A /* arrow.png */; };
		24EC5C771FD903DD00CCF01A /* button_play.png in Resources */ = {isa = PBXBuildFile; fileRef = 24EC5C761FD903DC00CCF01A /* button_play.png */; };
		24EC5C791FD907B300CCF01A /* background.png in Resources */ = {isa = PBXBuildFile; fileRef = 24EC5C781FD907B200CCF01A /* background.png */; };
		24EC5C7B1FD90FF700CCF01A /* money.png in Resources */ = {isa = PBXBuildFile; fileRef = 24EC5C7A1FD90FF700CCF01A /* money.png */; };
		24EC5C7D1FD920EE00CCF01A /* changes.png in Resources */ = {isa = PBXBuildFile; fileRef = 24EC5C7C1FD920EE00CCF01A /* changes.png */; };
/* End PBXBuildFile section */

/* Begin PBXFileReference section */
		246A13D51FD8CBD10037AAB5 /* Heros de la foret.app */ = {isa = PBXFileReference; explicitFileType = wrapper.application; includeInIndex = 0; path = "Heros de la foret.app"; sourceTree = BUILT_PRODUCTS_DIR; };
		246A13D81FD8CBD10037AAB5 /* AppDelegate.swift */ = {isa = PBXFileReference; lastKnownFileType = sourcecode.swift; path = AppDelegate.swift; sourceTree = "<group>"; };
		246A13DA1FD8CBD10037AAB5 /* ViewController.swift */ = {isa = PBXFileReference; lastKnownFileType = sourcecode.swift; path = ViewController.swift; sourceTree = "<group>"; };
		246A13DD1FD8CBD10037AAB5 /* Base */ = {isa = PBXFileReference; lastKnownFileType = file.storyboard; name = Base; path = Base.lproj/Main.storyboard; sourceTree = "<group>"; };
		246A13DF1FD8CBD10037AAB5 /* Assets.xcassets */ = {isa = PBXFileReference; lastKnownFileType = folder.assetcatalog; path = Assets.xcassets; sourceTree = "<group>"; };
		246A13E21FD8CBD10037AAB5 /* Base */ = {isa = PBXFileReference; lastKnownFileType = file.storyboard; name = Base; path = Base.lproj/LaunchScreen.storyboard; sourceTree = "<group>"; };
		246A13E41FD8CBD10037AAB5 /* Info.plist */ = {isa = PBXFileReference; lastKnownFileType = text.plist.xml; path = Info.plist; sourceTree = "<group>"; };
		2499B8DA1FDA1F1F00D8E023 /* ViewControllerStart.swift */ = {isa = PBXFileReference; lastKnownFileType = sourcecode.swift; path = ViewControllerStart.swift; sourceTree = "<group>"; };
		2499B8DC1FDA2C2E00D8E023 /* UserDefaultsManager.swift */ = {isa = PBXFileReference; fileEncoding = 4; lastKnownFileType = sourcecode.swift; path = UserDefaultsManager.swift; sourceTree = "<group>"; };
		24A4A99C1FD92648000765FE /* score.png */ = {isa = PBXFileReference; lastKnownFileType = image.png; path = score.png; sourceTree = "<group>"; };
		24A4A9DB1FD9ACC4000765FE /* launch.png */ = {isa = PBXFileReference; lastKnownFileType = image.png; path = launch.png; sourceTree = "<group>"; };
		24A4A9DD1FD9D79C000765FE /* hero1.png */ = {isa = PBXFileReference; lastKnownFileType = image.png; path = hero1.png; sourceTree = "<group>"; };
		24A4A9DE1FD9D79C000765FE /* hero2.png */ = {isa = PBXFileReference; lastKnownFileType = image.png; path = hero2.png; sourceTree = "<group>"; };
		24A4A9E11FDA1009000765FE /* backgroundStart.png */ = {isa = PBXFileReference; lastKnownFileType = image.png; path = backgroundStart.png; sourceTree = "<group>"; };
		24ABC3F01FDB81E50076D522 /* configuration.png */ = {isa = PBXFileReference; lastKnownFileType = image.png; path = configuration.png; sourceTree = "<group>"; };
		24ABC3F21FDB88480076D522 /* button_config.png */ = {isa = PBXFileReference; lastKnownFileType = image.png; path = button_config.png; sourceTree = "<group>"; };
		24ABC3F31FDB88480076D522 /* button_return.png */ = {isa = PBXFileReference; lastKnownFileType = image.png; path = button_return.png; sourceTree = "<group>"; };
		24ABC3F41FDB88480076D522 /* button_continue.png */ = {isa = PBXFileReference; lastKnownFileType = image.png; path = button_continue.png; sourceTree = "<group>"; };
		24ABC3F51FDB88480076D522 /* button_reset.png */ = {isa = PBXFileReference; lastKnownFileType = image.png; path = button_reset.png; sourceTree = "<group>"; };
		24ABC3FA1FDBD6F50076D522 /* Icon-144.png */ = {isa = PBXFileReference; lastKnownFileType = image.png; path = "Icon-144.png"; sourceTree = "<group>"; };
		24ABC3FB1FDBD6F50076D522 /* Icon-167.png */ = {isa = PBXFileReference; lastKnownFileType = image.png; path = "Icon-167.png"; sourceTree = "<group>"; };
		24ABC3FC1FDBD6F50076D522 /* Icon-180.png */ = {isa = PBXFileReference; lastKnownFileType = image.png; path = "Icon-180.png"; sourceTree = "<group>"; };
		24ABC3FD1FDBD6F50076D522 /* Icon-55.png */ = {isa = PBXFileReference; lastKnownFileType = image.png; path = "Icon-55.png"; sourceTree = "<group>"; };
		24ABC3FE1FDBD6F50076D522 /* Icon-114.png */ = {isa = PBXFileReference; lastKnownFileType = image.png; path = "Icon-114.png"; sourceTree = "<group>"; };
		24ABC3FF1FDBD6F50076D522 /* Icon-16.png */ = {isa = PBXFileReference; lastKnownFileType = image.png; path = "Icon-16.png"; sourceTree = "<group>"; };
		24ABC4001FDBD6F60076D522 /* Icon-40.png */ = {isa = PBXFileReference; lastKnownFileType = image.png; path = "Icon-40.png"; sourceTree = "<group>"; };
		24ABC4011FDBD6F60076D522 /* Icon-1024.png */ = {isa = PBXFileReference; lastKnownFileType = image.png; path = "Icon-1024.png"; sourceTree = "<group>"; };
		24ABC4021FDBD6F60076D522 /* Icon-100.png */ = {isa = PBXFileReference; lastKnownFileType = image.png; path = "Icon-100.png"; sourceTree = "<group>"; };
		24ABC4031FDBD6F60076D522 /* Icon-72.png */ = {isa = PBXFileReference; lastKnownFileType = image.png; path = "Icon-72.png"; sourceTree = "<group>"; };
		24ABC4041FDBD6F60076D522 /* Icon-32.png */ = {isa = PBXFileReference; lastKnownFileType = image.png; path = "Icon-32.png"; sourceTree = "<group>"; };
		24ABC4051FDBD6F60076D522 /* Icon-152.png */ = {isa = PBXFileReference; lastKnownFileType = image.png; path = "Icon-152.png"; sourceTree = "<group>"; };
		24ABC4061FDBD6F60076D522 /* Icon-120.png */ = {isa = PBXFileReference; lastKnownFileType = image.png; path = "Icon-120.png"; sourceTree = "<group>"; };
		24ABC4071FDBD6F60076D522 /* Icon-256.png */ = {isa = PBXFileReference; lastKnownFileType = image.png; path = "Icon-256.png"; sourceTree = "<group>"; };
		24ABC4081FDBD6F60076D522 /* Icon-88.png */ = {isa = PBXFileReference; lastKnownFileType = image.png; path = "Icon-88.png"; sourceTree = "<group>"; };
		24ABC4091FDBD6F60076D522 /* Icon-196.png */ = {isa = PBXFileReference; lastKnownFileType = image.png; path = "Icon-196.png"; sourceTree = "<group>"; };
		24ABC40A1FDBD6F60076D522 /* Icon-20.png */ = {isa = PBXFileReference; lastKnownFileType = image.png; path = "Icon-20.png"; sourceTree = "<group>"; };
		24ABC40B1FDBD6F60076D522 /* Icon-29.png */ = {isa = PBXFileReference; lastKnownFileType = image.png; path = "Icon-29.png"; sourceTree = "<group>"; };
		24ABC40C1FDBD6F60076D522 /* Icon-50.png */ = {isa = PBXFileReference; lastKnownFileType = image.png; path = "Icon-50.png"; sourceTree = "<group>"; };
		24ABC40D1FDBD6F60076D522 /* Icon-128.png */ = {isa = PBXFileReference; lastKnownFileType = image.png; path = "Icon-128.png"; sourceTree = "<group>"; };
		24ABC40E1FDBD6F70076D522 /* Icon-172.png */ = {isa = PBXFileReference; lastKnownFileType = image.png; path = "Icon-172.png"; sourceTree = "<group>"; };
		24ABC40F1FDBD6F70076D522 /* Icon-76.png */ = {isa = PBXFileReference; lastKnownFileType = image.png; path = "Icon-76.png"; sourceTree = "<group>"; };
		24ABC4101FDBD6F70076D522 /* Icon-58.png */ = {isa = PBXFileReference; lastKnownFileType = image.png; path = "Icon-58.png"; sourceTree = "<group>"; };
		24ABC4111FDBD6F70076D522 /* Icon-80.png */ = {isa = PBXFileReference; lastKnownFileType = image.png; path = "Icon-80.png"; sourceTree = "<group>"; };
		24ABC4121FDBD6F70076D522 /* Icon-87.png */ = {isa = PBXFileReference; lastKnownFileType = image.png; path = "Icon-87.png"; sourceTree = "<group>"; };
		24ABC4131FDBD6F70076D522 /* Icon-512.png */ = {isa = PBXFileReference; lastKnownFileType = image.png; path = "Icon-512.png"; sourceTree = "<group>"; };
		24ABC4141FDBD6F70076D522 /* Icon-64.png */ = {isa = PBXFileReference; lastKnownFileType = image.png; path = "Icon-64.png"; sourceTree = "<group>"; };
		24ABC4151FDBD6F70076D522 /* Icon-57.png */ = {isa = PBXFileReference; lastKnownFileType = image.png; path = "Icon-57.png"; sourceTree = "<group>"; };
		24ABC4161FDBD6F70076D522 /* Icon-60.png */ = {isa = PBXFileReference; lastKnownFileType = image.png; path = "Icon-60.png"; sourceTree = "<group>"; };
		24ABC4171FDBD6F70076D522 /* Icon-48.png */ = {isa = PBXFileReference; lastKnownFileType = image.png; path = "Icon-48.png"; sourceTree = "<group>"; };
		24B919131FD8DDFD0079EDAF /* rocks.png */ = {isa = PBXFileReference; lastKnownFileType = image.png; path = rocks.png; sourceTree = "<group>"; };
		24EC5C741FD9007400CCF01A /* arrow.png */ = {isa = PBXFileReference; lastKnownFileType = image.png; path = arrow.png; sourceTree = "<group>"; };
		24EC5C761FD903DC00CCF01A /* button_play.png */ = {isa = PBXFileReference; lastKnownFileType = image.png; path = button_play.png; sourceTree = "<group>"; };
		24EC5C781FD907B200CCF01A /* background.png */ = {isa = PBXFileReference; lastKnownFileType = image.png; path = background.png; sourceTree = "<group>"; };
		24EC5C7A1FD90FF700CCF01A /* money.png */ = {isa = PBXFileReference; lastKnownFileType = image.png; path = money.png; sourceTree = "<group>"; };
		24EC5C7C1FD920EE00CCF01A /* changes.png */ = {isa = PBXFileReference; lastKnownFileType = image.png; path = changes.png; sourceTree = "<group>"; };
/* End PBXFileReference section */

/* Begin PBXFrameworksBuildPhase section */
		246A13D21FD8CBD10037AAB5 /* Frameworks */ = {
			isa = PBXFrameworksBuildPhase;
			buildActionMask = 2147483647;
			files = (
			);
			runOnlyForDeploymentPostprocessing = 0;
		};
/* End PBXFrameworksBuildPhase section */

/* Begin PBXGroup section */
		246A13CC1FD8CBD10037AAB5 = {
			isa = PBXGroup;
			children = (
				246A13D71FD8CBD10037AAB5 /* Heros de la foret */,
				246A13D61FD8CBD10037AAB5 /* Products */,
			);
			sourceTree = "<group>";
		};
		246A13D61FD8CBD10037AAB5 /* Products */ = {
			isa = PBXGroup;
			children = (
				246A13D51FD8CBD10037AAB5 /* Heros de la foret.app */,
			);
			name = Products;
			sourceTree = "<group>";
		};
		246A13D71FD8CBD10037AAB5 /* Heros de la foret */ = {
			isa = PBXGroup;
			children = (
				24A4A99E1FD9A689000765FE /* icon */,
				24B9190D1FD8DAEB0079EDAF /* images */,
				246A13D81FD8CBD10037AAB5 /* AppDelegate.swift */,
				2499B8DC1FDA2C2E00D8E023 /* UserDefaultsManager.swift */,
				2499B8DA1FDA1F1F00D8E023 /* ViewControllerStart.swift */,
				246A13DA1FD8CBD10037AAB5 /* ViewController.swift */,
				246A13DC1FD8CBD10037AAB5 /* Main.storyboard */,
				246A13DF1FD8CBD10037AAB5 /* Assets.xcassets */,
				246A13E11FD8CBD10037AAB5 /* LaunchScreen.storyboard */,
				246A13E41FD8CBD10037AAB5 /* Info.plist */,
			);
			path = "Heros de la foret";
			sourceTree = "<group>";
		};
		24A4A99E1FD9A689000765FE /* icon */ = {
			isa = PBXGroup;
			children = (
				24ABC3FF1FDBD6F50076D522 /* Icon-16.png */,
				24ABC40A1FDBD6F60076D522 /* Icon-20.png */,
				24ABC40B1FDBD6F60076D522 /* Icon-29.png */,
				24ABC4041FDBD6F60076D522 /* Icon-32.png */,
				24ABC4001FDBD6F60076D522 /* Icon-40.png */,
				24ABC4171FDBD6F70076D522 /* Icon-48.png */,
				24ABC40C1FDBD6F60076D522 /* Icon-50.png */,
				24ABC3FD1FDBD6F50076D522 /* Icon-55.png */,
				24ABC4151FDBD6F70076D522 /* Icon-57.png */,
				24ABC4101FDBD6F70076D522 /* Icon-58.png */,
				24ABC4161FDBD6F70076D522 /* Icon-60.png */,
				24ABC4141FDBD6F70076D522 /* Icon-64.png */,
				24ABC4031FDBD6F60076D522 /* Icon-72.png */,
				24ABC40F1FDBD6F70076D522 /* Icon-76.png */,
				24ABC4111FDBD6F70076D522 /* Icon-80.png */,
				24ABC4121FDBD6F70076D522 /* Icon-87.png */,
				24ABC4081FDBD6F60076D522 /* Icon-88.png */,
				24ABC4021FDBD6F60076D522 /* Icon-100.png */,
				24ABC3FE1FDBD6F50076D522 /* Icon-114.png */,
				24ABC4061FDBD6F60076D522 /* Icon-120.png */,
				24ABC40D1FDBD6F60076D522 /* Icon-128.png */,
				24ABC3FA1FDBD6F50076D522 /* Icon-144.png */,
				24ABC4051FDBD6F60076D522 /* Icon-152.png */,
				24ABC3FB1FDBD6F50076D522 /* Icon-167.png */,
				24ABC40E1FDBD6F70076D522 /* Icon-172.png */,
				24ABC3FC1FDBD6F50076D522 /* Icon-180.png */,
				24ABC4091FDBD6F60076D522 /* Icon-196.png */,
				24ABC4071FDBD6F60076D522 /* Icon-256.png */,
				24ABC4131FDBD6F70076D522 /* Icon-512.png */,
				24ABC4011FDBD6F60076D522 /* Icon-1024.png */,
			);
			path = icon;
			sourceTree = "<group>";
		};
		24B9190D1FD8DAEB0079EDAF /* images */ = {
			isa = PBXGroup;
			children = (
				24ABC3F21FDB88480076D522 /* button_config.png */,
				24ABC3F41FDB88480076D522 /* button_continue.png */,
				24ABC3F51FDB88480076D522 /* button_reset.png */,
				24ABC3F31FDB88480076D522 /* button_return.png */,
				24ABC3F01FDB81E50076D522 /* configuration.png */,
				24A4A9E11FDA1009000765FE /* backgroundStart.png */,
				24A4A9DD1FD9D79C000765FE /* hero1.png */,
				24A4A9DE1FD9D79C000765FE /* hero2.png */,
				24A4A9DB1FD9ACC4000765FE /* launch.png */,
				24A4A99C1FD92648000765FE /* score.png */,
				24EC5C7C1FD920EE00CCF01A /* changes.png */,
				24EC5C7A1FD90FF700CCF01A /* money.png */,
				24EC5C781FD907B200CCF01A /* background.png */,
				24EC5C761FD903DC00CCF01A /* button_play.png */,
				24EC5C741FD9007400CCF01A /* arrow.png */,
				24B919131FD8DDFD0079EDAF /* rocks.png */,
			);
			path = images;
			sourceTree = "<group>";
		};
/* End PBXGroup section */

/* Begin PBXNativeTarget section */
		246A13D41FD8CBD10037AAB5 /* Heros de la foret */ = {
			isa = PBXNativeTarget;
			buildConfigurationList = 246A13E71FD8CBD10037AAB5 /* Build configuration list for PBXNativeTarget "Heros de la foret" */;
			buildPhases = (
				246A13D11FD8CBD10037AAB5 /* Sources */,
				246A13D21FD8CBD10037AAB5 /* Frameworks */,
				246A13D31FD8CBD10037AAB5 /* Resources */,
			);
			buildRules = (
			);
			dependencies = (
			);
			name = "Heros de la foret";
			productName = "Heros de la foret";
			productReference = 246A13D51FD8CBD10037AAB5 /* Heros de la foret.app */;
			productType = "com.apple.product-type.application";
		};
/* End PBXNativeTarget section */

/* Begin PBXProject section */
		246A13CD1FD8CBD10037AAB5 /* Project object */ = {
			isa = PBXProject;
			attributes = {
				LastSwiftUpdateCheck = 0910;
				LastUpgradeCheck = 0910;
				ORGANIZATIONNAME = "Claude-Bernard Millen";
				TargetAttributes = {
					246A13D41FD8CBD10037AAB5 = {
						CreatedOnToolsVersion = 9.1;
						ProvisioningStyle = Automatic;
					};
				};
			};
			buildConfigurationList = 246A13D01FD8CBD10037AAB5 /* Build configuration list for PBXProject "Heros de la foret" */;
			compatibilityVersion = "Xcode 8.0";
			developmentRegion = en;
			hasScannedForEncodings = 0;
			knownRegions = (
				en,
				Base,
			);
			mainGroup = 246A13CC1FD8CBD10037AAB5;
			productRefGroup = 246A13D61FD8CBD10037AAB5 /* Products */;
			projectDirPath = "";
			projectRoot = "";
			targets = (
				246A13D41FD8CBD10037AAB5 /* Heros de la foret */,
			);
		};
/* End PBXProject section */

/* Begin PBXResourcesBuildPhase section */
		246A13D31FD8CBD10037AAB5 /* Resources */ = {
			isa = PBXResourcesBuildPhase;
			buildActionMask = 2147483647;
			files = (
				24A4A9DC1FD9ACC5000765FE /* launch.png in Resources */,
				24EC5C771FD903DD00CCF01A /* button_play.png in Resources */,
				24ABC4281FDBD6F80076D522 /* Icon-20.png in Resources */,
				24ABC41A1FDBD6F80076D522 /* Icon-180.png in Resources */,
				24EC5C791FD907B300CCF01A /* background.png in Resources */,
				24ABC3F81FDB88480076D522 /* button_continue.png in Resources */,
				24ABC4351FDBD6F80076D522 /* Icon-48.png in Resources */,
				24ABC4191FDBD6F80076D522 /* Icon-167.png in Resources */,
				24ABC4301FDBD6F80076D522 /* Icon-87.png in Resources */,
				24A4A9DF1FD9D79C000765FE /* hero1.png in Resources */,
				24ABC4251FDBD6F80076D522 /* Icon-256.png in Resources */,
				24ABC42A1FDBD6F80076D522 /* Icon-50.png in Resources */,
				24ABC3F71FDB88480076D522 /* button_return.png in Resources */,
				24ABC4241FDBD6F80076D522 /* Icon-120.png in Resources */,
				24ABC4261FDBD6F80076D522 /* Icon-88.png in Resources */,
				24ABC4321FDBD6F80076D522 /* Icon-64.png in Resources */,
				24ABC41E1FDBD6F80076D522 /* Icon-40.png in Resources */,
				24EC5C7B1FD90FF700CCF01A /* money.png in Resources */,
				24ABC3F61FDB88480076D522 /* button_config.png in Resources */,
				24ABC42B1FDBD6F80076D522 /* Icon-128.png in Resources */,
				24B919151FD8DDFD0079EDAF /* rocks.png in Resources */,
				246A13E31FD8CBD10037AAB5 /* LaunchScreen.storyboard in Resources */,
				24A4A9E01FD9D79C000765FE /* hero2.png in Resources */,
				24ABC42D1FDBD6F80076D522 /* Icon-76.png in Resources */,
				24A4A99D1FD92648000765FE /* score.png in Resources */,
				24ABC4271FDBD6F80076D522 /* Icon-196.png in Resources */,
				24ABC42F1FDBD6F80076D522 /* Icon-80.png in Resources */,
				24ABC4341FDBD6F80076D522 /* Icon-60.png in Resources */,
				24ABC41D1FDBD6F80076D522 /* Icon-16.png in Resources */,
				24ABC42C1FDBD6F80076D522 /* Icon-172.png in Resources */,
				24ABC4211FDBD6F80076D522 /* Icon-72.png in Resources */,
				24EC5C7D1FD920EE00CCF01A /* changes.png in Resources */,
				24A4A9E21FDA100A000765FE /* backgroundStart.png in Resources */,
				24ABC4331FDBD6F80076D522 /* Icon-57.png in Resources */,
				24ABC3F11FDB81E50076D522 /* configuration.png in Resources */,
				24ABC3F91FDB88480076D522 /* button_reset.png in Resources */,
				24ABC4291FDBD6F80076D522 /* Icon-29.png in Resources */,
				246A13E01FD8CBD10037AAB5 /* Assets.xcassets in Resources */,
				24ABC4231FDBD6F80076D522 /* Icon-152.png in Resources */,
				24ABC41C1FDBD6F80076D522 /* Icon-114.png in Resources */,
				24ABC41B1FDBD6F80076D522 /* Icon-55.png in Resources */,
				24ABC42E1FDBD6F80076D522 /* Icon-58.png in Resources */,
				246A13DE1FD8CBD10037AAB5 /* Main.storyboard in Resources */,
				24ABC4181FDBD6F80076D522 /* Icon-144.png in Resources */,
				24EC5C751FD9007400CCF01A /* arrow.png in Resources */,
				24ABC4201FDBD6F80076D522 /* Icon-100.png in Resources */,
				24ABC41F1FDBD6F80076D522 /* Icon-1024.png in Resources */,
				24ABC4311FDBD6F80076D522 /* Icon-512.png in Resources */,
				24ABC4221FDBD6F80076D522 /* Icon-32.png in Resources */,
			);
			runOnlyForDeploymentPostprocessing = 0;
		};
/* End PBXResourcesBuildPhase section */

/* Begin PBXSourcesBuildPhase section */
		246A13D11FD8CBD10037AAB5 /* Sources */ = {
			isa = PBXSourcesBuildPhase;
			buildActionMask = 2147483647;
			files = (
				246A13DB1FD8CBD10037AAB5 /* ViewController.swift in Sources */,
				246A13D91FD8CBD10037AAB5 /* AppDelegate.swift in Sources */,
				2499B8DD1FDA2C2E00D8E023 /* UserDefaultsManager.swift in Sources */,
				2499B8DB1FDA1F1F00D8E023 /* ViewControllerStart.swift in Sources */,
			);
			runOnlyForDeploymentPostprocessing = 0;
		};
/* End PBXSourcesBuildPhase section */

/* Begin PBXVariantGroup section */
		246A13DC1FD8CBD10037AAB5 /* Main.storyboard */ = {
			isa = PBXVariantGroup;
			children = (
				246A13DD1FD8CBD10037AAB5 /* Base */,
			);
			name = Main.storyboard;
			sourceTree = "<group>";
		};
		246A13E11FD8CBD10037AAB5 /* LaunchScreen.storyboard */ = {
			isa = PBXVariantGroup;
			children = (
				246A13E21FD8CBD10037AAB5 /* Base */,
			);
			name = LaunchScreen.storyboard;
			sourceTree = "<group>";
		};
/* End PBXVariantGroup section */

/* Begin XCBuildConfiguration section */
		246A13E51FD8CBD10037AAB5 /* Debug */ = {
			isa = XCBuildConfiguration;
			buildSettings = {
				ALWAYS_SEARCH_USER_PATHS = NO;
				CLANG_ANALYZER_NONNULL = YES;
				CLANG_ANALYZER_NUMBER_OBJECT_CONVERSION = YES_AGGRESSIVE;
				CLANG_CXX_LANGUAGE_STANDARD = "gnu++14";
				CLANG_CXX_LIBRARY = "libc++";
				CLANG_ENABLE_MODULES = YES;
				CLANG_ENABLE_OBJC_ARC = YES;
				CLANG_WARN_BLOCK_CAPTURE_AUTORELEASING = YES;
				CLANG_WARN_BOOL_CONVERSION = YES;
				CLANG_WARN_COMMA = YES;
				CLANG_WARN_CONSTANT_CONVERSION = YES;
				CLANG_WARN_DIRECT_OBJC_ISA_USAGE = YES_ERROR;
				CLANG_WARN_DOCUMENTATION_COMMENTS = YES;
				CLANG_WARN_EMPTY_BODY = YES;
				CLANG_WARN_ENUM_CONVERSION = YES;
				CLANG_WARN_INFINITE_RECURSION = YES;
				CLANG_WARN_INT_CONVERSION = YES;
				CLANG_WARN_NON_LITERAL_NULL_CONVERSION = YES;
				CLANG_WARN_OBJC_LITERAL_CONVERSION = YES;
				CLANG_WARN_OBJC_ROOT_CLASS = YES_ERROR;
				CLANG_WARN_RANGE_LOOP_ANALYSIS = YES;
				CLANG_WARN_STRICT_PROTOTYPES = YES;
				CLANG_WARN_SUSPICIOUS_MOVE = YES;
				CLANG_WARN_UNGUARDED_AVAILABILITY = YES_AGGRESSIVE;
				CLANG_WARN_UNREACHABLE_CODE = YES;
				CLANG_WARN__DUPLICATE_METHOD_MATCH = YES;
				CODE_SIGN_IDENTITY = "iPhone Developer";
				COPY_PHASE_STRIP = NO;
				DEBUG_INFORMATION_FORMAT = dwarf;
				ENABLE_STRICT_OBJC_MSGSEND = YES;
				ENABLE_TESTABILITY = YES;
				GCC_C_LANGUAGE_STANDARD = gnu11;
				GCC_DYNAMIC_NO_PIC = NO;
				GCC_NO_COMMON_BLOCKS = YES;
				GCC_OPTIMIZATION_LEVEL = 0;
				GCC_PREPROCESSOR_DEFINITIONS = (
					"DEBUG=1",
					"$(inherited)",
				);
				GCC_WARN_64_TO_32_BIT_CONVERSION = YES;
				GCC_WARN_ABOUT_RETURN_TYPE = YES_ERROR;
				GCC_WARN_UNDECLARED_SELECTOR = YES;
				GCC_WARN_UNINITIALIZED_AUTOS = YES_AGGRESSIVE;
				GCC_WARN_UNUSED_FUNCTION = YES;
				GCC_WARN_UNUSED_VARIABLE = YES;
				IPHONEOS_DEPLOYMENT_TARGET = 11.1;
				MTL_ENABLE_DEBUG_INFO = YES;
				ONLY_ACTIVE_ARCH = YES;
				SDKROOT = iphoneos;
				SWIFT_ACTIVE_COMPILATION_CONDITIONS = DEBUG;
				SWIFT_OPTIMIZATION_LEVEL = "-Onone";
			};
			name = Debug;
		};
		246A13E61FD8CBD10037AAB5 /* Release */ = {
			isa = XCBuildConfiguration;
			buildSettings = {
				ALWAYS_SEARCH_USER_PATHS = NO;
				CLANG_ANALYZER_NONNULL = YES;
				CLANG_ANALYZER_NUMBER_OBJECT_CONVERSION = YES_AGGRESSIVE;
				CLANG_CXX_LANGUAGE_STANDARD = "gnu++14";
				CLANG_CXX_LIBRARY = "libc++";
				CLANG_ENABLE_MODULES = YES;
				CLANG_ENABLE_OBJC_ARC = YES;
				CLANG_WARN_BLOCK_CAPTURE_AUTORELEASING = YES;
				CLANG_WARN_BOOL_CONVERSION = YES;
				CLANG_WARN_COMMA = YES;
				CLANG_WARN_CONSTANT_CONVERSION = YES;
				CLANG_WARN_DIRECT_OBJC_ISA_USAGE = YES_ERROR;
				CLANG_WARN_DOCUMENTATION_COMMENTS = YES;
				CLANG_WARN_EMPTY_BODY = YES;
				CLANG_WARN_ENUM_CONVERSION = YES;
				CLANG_WARN_INFINITE_RECURSION = YES;
				CLANG_WARN_INT_CONVERSION = YES;
				CLANG_WARN_NON_LITERAL_NULL_CONVERSION = YES;
				CLANG_WARN_OBJC_LITERAL_CONVERSION = YES;
				CLANG_WARN_OBJC_ROOT_CLASS = YES_ERROR;
				CLANG_WARN_RANGE_LOOP_ANALYSIS = YES;
				CLANG_WARN_STRICT_PROTOTYPES = YES;
				CLANG_WARN_SUSPICIOUS_MOVE = YES;
				CLANG_WARN_UNGUARDED_AVAILABILITY = YES_AGGRESSIVE;
				CLANG_WARN_UNREACHABLE_CODE = YES;
				CLANG_WARN__DUPLICATE_METHOD_MATCH = YES;
				CODE_SIGN_IDENTITY = "iPhone Developer";
				COPY_PHASE_STRIP = NO;
				DEBUG_INFORMATION_FORMAT = "dwarf-with-dsym";
				ENABLE_NS_ASSERTIONS = NO;
				ENABLE_STRICT_OBJC_MSGSEND = YES;
				GCC_C_LANGUAGE_STANDARD = gnu11;
				GCC_NO_COMMON_BLOCKS = YES;
				GCC_WARN_64_TO_32_BIT_CONVERSION = YES;
				GCC_WARN_ABOUT_RETURN_TYPE = YES_ERROR;
				GCC_WARN_UNDECLARED_SELECTOR = YES;
				GCC_WARN_UNINITIALIZED_AUTOS = YES_AGGRESSIVE;
				GCC_WARN_UNUSED_FUNCTION = YES;
				GCC_WARN_UNUSED_VARIABLE = YES;
				IPHONEOS_DEPLOYMENT_TARGET = 11.1;
				MTL_ENABLE_DEBUG_INFO = NO;
				SDKROOT = iphoneos;
				SWIFT_OPTIMIZATION_LEVEL = "-Owholemodule";
				VALIDATE_PRODUCT = YES;
			};
			name = Release;
		};
		246A13E81FD8CBD10037AAB5 /* Debug */ = {
			isa = XCBuildConfiguration;
			buildSettings = {
				ASSETCATALOG_COMPILER_APPICON_NAME = AppIcon;
				CODE_SIGN_STYLE = Automatic;
				DEVELOPMENT_TEAM = 2VH4YUP29C;
				INFOPLIST_FILE = "Heros de la foret/Info.plist";
				LD_RUNPATH_SEARCH_PATHS = "$(inherited) @executable_path/Frameworks";
				PRODUCT_BUNDLE_IDENTIFIER = "MillenClaude-Bernard.Heros-de-la-foret";
				PRODUCT_NAME = "$(TARGET_NAME)";
				SWIFT_VERSION = 4.0;
				TARGETED_DEVICE_FAMILY = "1,2";
			};
			name = Debug;
		};
		246A13E91FD8CBD10037AAB5 /* Release */ = {
			isa = XCBuildConfiguration;
			buildSettings = {
				ASSETCATALOG_COMPILER_APPICON_NAME = AppIcon;
				CODE_SIGN_STYLE = Automatic;
				DEVELOPMENT_TEAM = 2VH4YUP29C;
				INFOPLIST_FILE = "Heros de la foret/Info.plist";
				LD_RUNPATH_SEARCH_PATHS = "$(inherited) @executable_path/Frameworks";
				PRODUCT_BUNDLE_IDENTIFIER = "MillenClaude-Bernard.Heros-de-la-foret";
				PRODUCT_NAME = "$(TARGET_NAME)";
				SWIFT_VERSION = 4.0;
				TARGETED_DEVICE_FAMILY = "1,2";
			};
			name = Release;
		};
/* End XCBuildConfiguration section */

/* Begin XCConfigurationList section */
		246A13D01FD8CBD10037AAB5 /* Build configuration list for PBXProject "Heros de la foret" */ = {
			isa = XCConfigurationList;
			buildConfigurations = (
				246A13E51FD8CBD10037AAB5 /* Debug */,
				246A13E61FD8CBD10037AAB5 /* Release */,
			);
			defaultConfigurationIsVisible = 0;
			defaultConfigurationName = Release;
		};
		246A13E71FD8CBD10037AAB5 /* Build configuration list for PBXNativeTarget "Heros de la foret" */ = {
			isa = XCConfigurationList;
			buildConfigurations = (
				246A13E81FD8CBD10037AAB5 /* Debug */,
				246A13E91FD8CBD10037AAB5 /* Release */,
			);
			defaultConfigurationIsVisible = 0;
			defaultConfigurationName = Release;
		};
/* End XCConfigurationList section */
	};
	rootObject = 246A13CD1FD8CBD10037AAB5 /* Project object */;
}
